{
  "version": 1,
  "dependencies": {
    "net6.0-windows7.0": {
      "DalamudPackager": {
        "type": "Direct",
        "requested": "[2.1.8, )",
        "resolved": "2.1.8",
        "contentHash": "YqagNXs9InxmqkXzq7kLveImxnodkBEicAhydMXVp7dFjC7xb76U6zGgAax4/BWIWfZeWzr5DJyQSev31kj81A=="
      },
      "MongoDB.Bson": {
        "type": "Direct",
        "requested": "[2.18.0, )",
        "resolved": "2.18.0",
        "contentHash": "iyiVjkCAZIUiyYDZXXUqISeW7n3O/qcM90PUeJybryg7g4rXhSMRY0oLpAg+NdoXD/Qm9LlmVIePAluHQB91tQ==",
        "dependencies": {
          "System.Runtime.CompilerServices.Unsafe": "5.0.0"
        }
      },
      "Websocket.Client": {
        "type": "Direct",
        "requested": "[4.4.43, )",
        "resolved": "4.4.43",
        "contentHash": "h0sS4zsnXrVkYyMYDaRc0k/oV54uXXBlN/HOHAK5d/RWleLTmWS6bxtt0l3D5Q2rgtfLinkHLdf4sOqdrxZ0NA==",
        "dependencies": {
          "System.Reactive": "4.3.2",
          "System.Threading.Channels": "4.7.0"
        }
      },
      "System.Reactive": {
        "type": "Transitive",
        "resolved": "4.3.2",
        "contentHash": "WhGkScPWxw2pp7UwRW8M1OvYZ3WUDPC2wJ0aiuaB4KRD3bt4wLkgHgYnOUu87WRhsurvv5LN0E63iWOEza2o8g=="
      },
      "System.Runtime.CompilerServices.Unsafe": {
        "type": "Transitive",
        "resolved": "5.0.0",
        "contentHash": "ZD9TMpsmYJLrxbbmdvhwt9YEgG5WntEnZ/d1eH8JBX9LBp+Ju8BSBhUGbZMNVHHomWo2KVImJhTDl2hIgw/6MA=="
      },
      "System.Threading.Channels": {
        "type": "Transitive",
        "resolved": "4.7.0",
        "contentHash": "gdOOXBhtt2UpTxYJm1DRmoqNfYg5ypvhzhVt0vxKhzxXFjS81r8yIOSFsJYLRa1Jc14GBAqCnjxJstO3zBN7gg=="
      }
    }
  }
}